// !$*UTF8*$!
{
	archiveVersion = 1;
	classes = {
	};
	objectVersion = 46;
	objects = {

/* Begin PBXBuildFile section */
		27AA7FA5189FD41600C4DA46 /* QuartzCore.framework in Frameworks */ = {isa = PBXBuildFile; fileRef = 27AA7FA4189FD41600C4DA46 /* QuartzCore.framework */; };
		27AA7FA8189FD7F100C4DA46 /* S_GalleryItemCell.m in Sources */ = {isa = PBXBuildFile; fileRef = 27AA7FA7189FD7F100C4DA46 /* S_GalleryItemCell.m */; };
		AA0C3FCC1895084D00672EAC /* S_LoginViewController.m in Sources */ = {isa = PBXBuildFile; fileRef = AA0C3FCB1895084D00672EAC /* S_LoginViewController.m */; };
		AA516988189813C900351C60 /* S_CustomSegue.m in Sources */ = {isa = PBXBuildFile; fileRef = AA516987189813C900351C60 /* S_CustomSegue.m */; };
		AA51698B1898225E00351C60 /* S_DetailsBaseViewController.m in Sources */ = {isa = PBXBuildFile; fileRef = AA51698A1898225E00351C60 /* S_DetailsBaseViewController.m */; };
		AA51699018982A8500351C60 /* S_Constants.m in Sources */ = {isa = PBXBuildFile; fileRef = AA51698F18982A8500351C60 /* S_Constants.m */; };
		AAA3D4641893DA280040646C /* Foundation.framework in Frameworks */ = {isa = PBXBuildFile; fileRef = AAA3D4631893DA280040646C /* Foundation.framework */; };
		AAA3D4661893DA280040646C /* CoreGraphics.framework in Frameworks */ = {isa = PBXBuildFile; fileRef = AAA3D4651893DA280040646C /* CoreGraphics.framework */; };
		AAA3D4681893DA280040646C /* UIKit.framework in Frameworks */ = {isa = PBXBuildFile; fileRef = AAA3D4671893DA280040646C /* UIKit.framework */; };
		AAA3D46E1893DA280040646C /* InfoPlist.strings in Resources */ = {isa = PBXBuildFile; fileRef = AAA3D46C1893DA280040646C /* InfoPlist.strings */; };
		AAA3D4701893DA280040646C /* main.m in Sources */ = {isa = PBXBuildFile; fileRef = AAA3D46F1893DA280040646C /* main.m */; };
		AAA3D4741893DA280040646C /* S_AppDelegate.m in Sources */ = {isa = PBXBuildFile; fileRef = AAA3D4731893DA280040646C /* S_AppDelegate.m */; };
		AAA3D4761893DA280040646C /* Images.xcassets in Resources */ = {isa = PBXBuildFile; fileRef = AAA3D4751893DA280040646C /* Images.xcassets */; };
		AAA3D47D1893DA280040646C /* XCTest.framework in Frameworks */ = {isa = PBXBuildFile; fileRef = AAA3D47C1893DA280040646C /* XCTest.framework */; };
		AAA3D47E1893DA280040646C /* Foundation.framework in Frameworks */ = {isa = PBXBuildFile; fileRef = AAA3D4631893DA280040646C /* Foundation.framework */; };
		AAA3D47F1893DA280040646C /* UIKit.framework in Frameworks */ = {isa = PBXBuildFile; fileRef = AAA3D4671893DA280040646C /* UIKit.framework */; };
		AAA3D4871893DA280040646C /* InfoPlist.strings in Resources */ = {isa = PBXBuildFile; fileRef = AAA3D4851893DA280040646C /* InfoPlist.strings */; };
		AAA3D4891893DA280040646C /* SeasonsTests.m in Sources */ = {isa = PBXBuildFile; fileRef = AAA3D4881893DA280040646C /* SeasonsTests.m */; };
		AAA3D4AC189419930040646C /* S_Helper.m in Sources */ = {isa = PBXBuildFile; fileRef = AAA3D4AB189419930040646C /* S_Helper.m */; };
		AAA3D4AF189419D60040646C /* S_BaseViewController.m in Sources */ = {isa = PBXBuildFile; fileRef = AAA3D4AE189419D60040646C /* S_BaseViewController.m */; };
		AAA3D4BE18941C9F0040646C /* S_DataHelper.m in Sources */ = {isa = PBXBuildFile; fileRef = AAA3D4BD18941C9F0040646C /* S_DataHelper.m */; };
		AAA3D4CB189420410040646C /* theme4.jpg in Resources */ = {isa = PBXBuildFile; fileRef = AAA3D4C5189420410040646C /* theme4.jpg */; };
		AAA3D4D01894344C0040646C /* S_MainStoryboard.storyboard in Resources */ = {isa = PBXBuildFile; fileRef = AAA3D4CF1894344C0040646C /* S_MainStoryboard.storyboard */; };
		AAB084B81896BD6E003329DF /* act_item1.png in Resources */ = {isa = PBXBuildFile; fileRef = AAB084B71896BD6E003329DF /* act_item1.png */; };
		AAB084BC1896D39B003329DF /* S_ActionItemCell.m in Sources */ = {isa = PBXBuildFile; fileRef = AAB084BB1896D39B003329DF /* S_ActionItemCell.m */; };
		AAB084C01896D6E4003329DF /* S_ActionItem.m in Sources */ = {isa = PBXBuildFile; fileRef = AAB084BF1896D6E4003329DF /* S_ActionItem.m */; };
		AAD2632218997F220073428F /* S_ImageView.m in Sources */ = {isa = PBXBuildFile; fileRef = AAD2632118997F220073428F /* S_ImageView.m */; };
/* End PBXBuildFile section */

/* Begin PBXContainerItemProxy section */
		AAA3D4801893DA280040646C /* PBXContainerItemProxy */ = {
			isa = PBXContainerItemProxy;
			containerPortal = AAA3D4581893DA280040646C /* Project object */;
			proxyType = 1;
			remoteGlobalIDString = AAA3D45F1893DA280040646C;
			remoteInfo = Seasons;
		};
/* End PBXContainerItemProxy section */

/* Begin PBXFileReference section */
		27AA7FA4189FD41600C4DA46 /* QuartzCore.framework */ = {isa = PBXFileReference; lastKnownFileType = wrapper.framework; name = QuartzCore.framework; path = System/Library/Frameworks/QuartzCore.framework; sourceTree = SDKROOT; };
		27AA7FA6189FD7F100C4DA46 /* S_GalleryItemCell.h */ = {isa = PBXFileReference; fileEncoding = 4; lastKnownFileType = sourcecode.c.h; name = S_GalleryItemCell.h; path = Views/S_GalleryItemCell.h; sourceTree = "<group>"; };
		27AA7FA7189FD7F100C4DA46 /* S_GalleryItemCell.m */ = {isa = PBXFileReference; fileEncoding = 4; lastKnownFileType = sourcecode.c.objc; name = S_GalleryItemCell.m; path = Views/S_GalleryItemCell.m; sourceTree = "<group>"; };
		AA0C3FCA1895084D00672EAC /* S_LoginViewController.h */ = {isa = PBXFileReference; fileEncoding = 4; lastKnownFileType = sourcecode.c.h; name = S_LoginViewController.h; path = ViewControllers/S_LoginViewController.h; sourceTree = "<group>"; };
		AA0C3FCB1895084D00672EAC /* S_LoginViewController.m */ = {isa = PBXFileReference; fileEncoding = 4; lastKnownFileType = sourcecode.c.objc; name = S_LoginViewController.m; path = ViewControllers/S_LoginViewController.m; sourceTree = "<group>"; };
		AA516986189813C900351C60 /* S_CustomSegue.h */ = {isa = PBXFileReference; fileEncoding = 4; lastKnownFileType = sourcecode.c.h; name = S_CustomSegue.h; path = Models/S_CustomSegue.h; sourceTree = "<group>"; };
		AA516987189813C900351C60 /* S_CustomSegue.m */ = {isa = PBXFileReference; fileEncoding = 4; lastKnownFileType = sourcecode.c.objc; name = S_CustomSegue.m; path = Models/S_CustomSegue.m; sourceTree = "<group>"; };
		AA5169891898225E00351C60 /* S_DetailsBaseViewController.h */ = {isa = PBXFileReference; fileEncoding = 4; lastKnownFileType = sourcecode.c.h; name = S_DetailsBaseViewController.h; path = ViewControllers/S_DetailsBaseViewController.h; sourceTree = "<group>"; };
		AA51698A1898225E00351C60 /* S_DetailsBaseViewController.m */ = {isa = PBXFileReference; fileEncoding = 4; lastKnownFileType = sourcecode.c.objc; name = S_DetailsBaseViewController.m; path = ViewControllers/S_DetailsBaseViewController.m; sourceTree = "<group>"; };
		AA51698E18982A8500351C60 /* S_Constants.h */ = {isa = PBXFileReference; fileEncoding = 4; lastKnownFileType = sourcecode.c.h; name = S_Constants.h; path = App_Resources/S_Constants.h; sourceTree = "<group>"; };
		AA51698F18982A8500351C60 /* S_Constants.m */ = {isa = PBXFileReference; fileEncoding = 4; lastKnownFileType = sourcecode.c.objc; name = S_Constants.m; path = App_Resources/S_Constants.m; sourceTree = "<group>"; };
		AAA3D4601893DA280040646C /* Seasons.app */ = {isa = PBXFileReference; explicitFileType = wrapper.application; includeInIndex = 0; path = Seasons.app; sourceTree = BUILT_PRODUCTS_DIR; };
		AAA3D4631893DA280040646C /* Foundation.framework */ = {isa = PBXFileReference; lastKnownFileType = wrapper.framework; name = Foundation.framework; path = System/Library/Frameworks/Foundation.framework; sourceTree = SDKROOT; };
		AAA3D4651893DA280040646C /* CoreGraphics.framework */ = {isa = PBXFileReference; lastKnownFileType = wrapper.framework; name = CoreGraphics.framework; path = System/Library/Frameworks/CoreGraphics.framework; sourceTree = SDKROOT; };
		AAA3D4671893DA280040646C /* UIKit.framework */ = {isa = PBXFileReference; lastKnownFileType = wrapper.framework; name = UIKit.framework; path = System/Library/Frameworks/UIKit.framework; sourceTree = SDKROOT; };
		AAA3D46B1893DA280040646C /* Seasons-Info.plist */ = {isa = PBXFileReference; lastKnownFileType = text.plist.xml; path = "Seasons-Info.plist"; sourceTree = "<group>"; };
		AAA3D46D1893DA280040646C /* en */ = {isa = PBXFileReference; lastKnownFileType = text.plist.strings; name = en; path = en.lproj/InfoPlist.strings; sourceTree = "<group>"; };
		AAA3D46F1893DA280040646C /* main.m */ = {isa = PBXFileReference; lastKnownFileType = sourcecode.c.objc; path = main.m; sourceTree = "<group>"; };
		AAA3D4711893DA280040646C /* Seasons-Prefix.pch */ = {isa = PBXFileReference; lastKnownFileType = sourcecode.c.h; path = "Seasons-Prefix.pch"; sourceTree = "<group>"; };
		AAA3D4721893DA280040646C /* S_AppDelegate.h */ = {isa = PBXFileReference; lastKnownFileType = sourcecode.c.h; path = S_AppDelegate.h; sourceTree = "<group>"; };
		AAA3D4731893DA280040646C /* S_AppDelegate.m */ = {isa = PBXFileReference; lastKnownFileType = sourcecode.c.objc; path = S_AppDelegate.m; sourceTree = "<group>"; };
		AAA3D4751893DA280040646C /* Images.xcassets */ = {isa = PBXFileReference; lastKnownFileType = folder.assetcatalog; path = Images.xcassets; sourceTree = "<group>"; };
		AAA3D47B1893DA280040646C /* SeasonsTests.xctest */ = {isa = PBXFileReference; explicitFileType = wrapper.cfbundle; includeInIndex = 0; path = SeasonsTests.xctest; sourceTree = BUILT_PRODUCTS_DIR; };
		AAA3D47C1893DA280040646C /* XCTest.framework */ = {isa = PBXFileReference; lastKnownFileType = wrapper.framework; name = XCTest.framework; path = Library/Frameworks/XCTest.framework; sourceTree = DEVELOPER_DIR; };
		AAA3D4841893DA280040646C /* SeasonsTests-Info.plist */ = {isa = PBXFileReference; lastKnownFileType = text.plist.xml; path = "SeasonsTests-Info.plist"; sourceTree = "<group>"; };
		AAA3D4861893DA280040646C /* en */ = {isa = PBXFileReference; lastKnownFileType = text.plist.strings; name = en; path = en.lproj/InfoPlist.strings; sourceTree = "<group>"; };
		AAA3D4881893DA280040646C /* SeasonsTests.m */ = {isa = PBXFileReference; lastKnownFileType = sourcecode.c.objc; path = SeasonsTests.m; sourceTree = "<group>"; };
		AAA3D4AA189419930040646C /* S_Helper.h */ = {isa = PBXFileReference; fileEncoding = 4; lastKnownFileType = sourcecode.c.h; name = S_Helper.h; path = Models/S_Helper.h; sourceTree = "<group>"; };
		AAA3D4AB189419930040646C /* S_Helper.m */ = {isa = PBXFileReference; fileEncoding = 4; lastKnownFileType = sourcecode.c.objc; name = S_Helper.m; path = Models/S_Helper.m; sourceTree = "<group>"; };
		AAA3D4AD189419D60040646C /* S_BaseViewController.h */ = {isa = PBXFileReference; fileEncoding = 4; lastKnownFileType = sourcecode.c.h; name = S_BaseViewController.h; path = ViewControllers/S_BaseViewController.h; sourceTree = "<group>"; };
		AAA3D4AE189419D60040646C /* S_BaseViewController.m */ = {isa = PBXFileReference; fileEncoding = 4; lastKnownFileType = sourcecode.c.objc; name = S_BaseViewController.m; path = ViewControllers/S_BaseViewController.m; sourceTree = "<group>"; };
		AAA3D4BC18941C9F0040646C /* S_DataHelper.h */ = {isa = PBXFileReference; fileEncoding = 4; lastKnownFileType = sourcecode.c.h; name = S_DataHelper.h; path = Models/S_DataHelper.h; sourceTree = "<group>"; };
		AAA3D4BD18941C9F0040646C /* S_DataHelper.m */ = {isa = PBXFileReference; fileEncoding = 4; lastKnownFileType = sourcecode.c.objc; name = S_DataHelper.m; path = Models/S_DataHelper.m; sourceTree = "<group>"; };
		AAA3D4C5189420410040646C /* theme4.jpg */ = {isa = PBXFileReference; lastKnownFileType = image.jpeg; name = theme4.jpg; path = App_Images/ThemeImages/theme4.jpg; sourceTree = "<group>"; };
		AAA3D4CF1894344C0040646C /* S_MainStoryboard.storyboard */ = {isa = PBXFileReference; fileEncoding = 4; lastKnownFileType = file.storyboard; path = S_MainStoryboard.storyboard; sourceTree = "<group>"; };
		AAB084B71896BD6E003329DF /* act_item1.png */ = {isa = PBXFileReference; lastKnownFileType = image.png; name = act_item1.png; path = App_Images/ActionItemImages/act_item1.png; sourceTree = "<group>"; };
		AAB084BA1896D39B003329DF /* S_ActionItemCell.h */ = {isa = PBXFileReference; fileEncoding = 4; lastKnownFileType = sourcecode.c.h; name = S_ActionItemCell.h; path = Views/S_ActionItemCell.h; sourceTree = "<group>"; };
		AAB084BB1896D39B003329DF /* S_ActionItemCell.m */ = {isa = PBXFileReference; fileEncoding = 4; lastKnownFileType = sourcecode.c.objc; name = S_ActionItemCell.m; path = Views/S_ActionItemCell.m; sourceTree = "<group>"; };
		AAB084BE1896D6E4003329DF /* S_ActionItem.h */ = {isa = PBXFileReference; fileEncoding = 4; lastKnownFileType = sourcecode.c.h; name = S_ActionItem.h; path = Models/ModelEntities/S_ActionItem.h; sourceTree = "<group>"; };
		AAB084BF1896D6E4003329DF /* S_ActionItem.m */ = {isa = PBXFileReference; fileEncoding = 4; lastKnownFileType = sourcecode.c.objc; name = S_ActionItem.m; path = Models/ModelEntities/S_ActionItem.m; sourceTree = "<group>"; };
		AAD2632018997F220073428F /* S_ImageView.h */ = {isa = PBXFileReference; fileEncoding = 4; lastKnownFileType = sourcecode.c.h; name = S_ImageView.h; path = Views/S_ImageView.h; sourceTree = "<group>"; };
		AAD2632118997F220073428F /* S_ImageView.m */ = {isa = PBXFileReference; fileEncoding = 4; lastKnownFileType = sourcecode.c.objc; name = S_ImageView.m; path = Views/S_ImageView.m; sourceTree = "<group>"; };
/* End PBXFileReference section */

/* Begin PBXFrameworksBuildPhase section */
		AAA3D45D1893DA280040646C /* Frameworks */ = {
			isa = PBXFrameworksBuildPhase;
			buildActionMask = 2147483647;
			files = (
				27AA7FA5189FD41600C4DA46 /* QuartzCore.framework in Frameworks */,
				AAA3D4661893DA280040646C /* CoreGraphics.framework in Frameworks */,
				AAA3D4681893DA280040646C /* UIKit.framework in Frameworks */,
				AAA3D4641893DA280040646C /* Foundation.framework in Frameworks */,
			);
			runOnlyForDeploymentPostprocessing = 0;
		};
		AAA3D4781893DA280040646C /* Frameworks */ = {
			isa = PBXFrameworksBuildPhase;
			buildActionMask = 2147483647;
			files = (
				AAA3D47D1893DA280040646C /* XCTest.framework in Frameworks */,
				AAA3D47F1893DA280040646C /* UIKit.framework in Frameworks */,
				AAA3D47E1893DA280040646C /* Foundation.framework in Frameworks */,
			);
			runOnlyForDeploymentPostprocessing = 0;
		};
/* End PBXFrameworksBuildPhase section */

/* Begin PBXGroup section */
		AA51698C18982A2400351C60 /* App_Resources */ = {
			isa = PBXGroup;
			children = (
				AA51698E18982A8500351C60 /* S_Constants.h */,
				AA51698F18982A8500351C60 /* S_Constants.m */,
			);
			name = App_Resources;
			sourceTree = "<group>";
		};
		AAA3D4571893DA280040646C = {
			isa = PBXGroup;
			children = (
				AAA3D4691893DA280040646C /* Seasons */,
				AAA3D4821893DA280040646C /* SeasonsTests */,
				AAA3D4621893DA280040646C /* Frameworks */,
				AAA3D4611893DA280040646C /* Products */,
			);
			sourceTree = "<group>";
		};
		AAA3D4611893DA280040646C /* Products */ = {
			isa = PBXGroup;
			children = (
				AAA3D4601893DA280040646C /* Seasons.app */,
				AAA3D47B1893DA280040646C /* SeasonsTests.xctest */,
			);
			name = Products;
			sourceTree = "<group>";
		};
		AAA3D4621893DA280040646C /* Frameworks */ = {
			isa = PBXGroup;
			children = (
				27AA7FA4189FD41600C4DA46 /* QuartzCore.framework */,
				AAA3D4631893DA280040646C /* Foundation.framework */,
				AAA3D4651893DA280040646C /* CoreGraphics.framework */,
				AAA3D4671893DA280040646C /* UIKit.framework */,
				AAA3D47C1893DA280040646C /* XCTest.framework */,
			);
			name = Frameworks;
			sourceTree = "<group>";
		};
		AAA3D4691893DA280040646C /* Seasons */ = {
			isa = PBXGroup;
			children = (
				AA51698C18982A2400351C60 /* App_Resources */,
				AAB084B91896D33C003329DF /* Views */,
				AAA3D4CE189433CB0040646C /* UserInterface */,
				AAA3D4A9189419210040646C /* Models */,
				AAA3D498189414410040646C /* App_Images */,
				AAA3D4921893F9280040646C /* ViewControllers */,
				AAA3D4721893DA280040646C /* S_AppDelegate.h */,
				AAA3D4731893DA280040646C /* S_AppDelegate.m */,
				AAA3D4751893DA280040646C /* Images.xcassets */,
				AAA3D46A1893DA280040646C /* Supporting Files */,
			);
			path = Seasons;
			sourceTree = "<group>";
		};
		AAA3D46A1893DA280040646C /* Supporting Files */ = {
			isa = PBXGroup;
			children = (
				AAA3D46B1893DA280040646C /* Seasons-Info.plist */,
				AAA3D46C1893DA280040646C /* InfoPlist.strings */,
				AAA3D46F1893DA280040646C /* main.m */,
				AAA3D4711893DA280040646C /* Seasons-Prefix.pch */,
			);
			name = "Supporting Files";
			sourceTree = "<group>";
		};
		AAA3D4821893DA280040646C /* SeasonsTests */ = {
			isa = PBXGroup;
			children = (
				AAA3D4881893DA280040646C /* SeasonsTests.m */,
				AAA3D4831893DA280040646C /* Supporting Files */,
			);
			path = SeasonsTests;
			sourceTree = "<group>";
		};
		AAA3D4831893DA280040646C /* Supporting Files */ = {
			isa = PBXGroup;
			children = (
				AAA3D4841893DA280040646C /* SeasonsTests-Info.plist */,
				AAA3D4851893DA280040646C /* InfoPlist.strings */,
			);
			name = "Supporting Files";
			sourceTree = "<group>";
		};
		AAA3D4921893F9280040646C /* ViewControllers */ = {
			isa = PBXGroup;
			children = (
				AAA3D4AD189419D60040646C /* S_BaseViewController.h */,
				AAA3D4AE189419D60040646C /* S_BaseViewController.m */,
				AA0C3FCA1895084D00672EAC /* S_LoginViewController.h */,
				AA0C3FCB1895084D00672EAC /* S_LoginViewController.m */,
				AA5169891898225E00351C60 /* S_DetailsBaseViewController.h */,
				AA51698A1898225E00351C60 /* S_DetailsBaseViewController.m */,
			);
			name = ViewControllers;
			sourceTree = "<group>";
		};
		AAA3D498189414410040646C /* App_Images */ = {
			isa = PBXGroup;
			children = (
				AAA3D4C11894200A0040646C /* ThemeImages */,
				AAB084B41896BD1A003329DF /* ActionItemImages */,
			);
			name = App_Images;
			sourceTree = "<group>";
		};
		AAA3D4A9189419210040646C /* Models */ = {
			isa = PBXGroup;
			children = (
				AAB084BD1896D6AA003329DF /* ModelEntities */,
				AAA3D4AA189419930040646C /* S_Helper.h */,
				AAA3D4AB189419930040646C /* S_Helper.m */,
				AAA3D4BC18941C9F0040646C /* S_DataHelper.h */,
				AAA3D4BD18941C9F0040646C /* S_DataHelper.m */,
				AA516986189813C900351C60 /* S_CustomSegue.h */,
				AA516987189813C900351C60 /* S_CustomSegue.m */,
			);
			name = Models;
			sourceTree = "<group>";
		};
		AAA3D4C11894200A0040646C /* ThemeImages */ = {
			isa = PBXGroup;
			children = (
				AAA3D4C5189420410040646C /* theme4.jpg */,
			);
			name = ThemeImages;
			sourceTree = "<group>";
		};
		AAA3D4CE189433CB0040646C /* UserInterface */ = {
			isa = PBXGroup;
			children = (
				AAA3D4CF1894344C0040646C /* S_MainStoryboard.storyboard */,
			);
			name = UserInterface;
			sourceTree = "<group>";
		};
		AAB084B41896BD1A003329DF /* ActionItemImages */ = {
			isa = PBXGroup;
			children = (
				AAB084B71896BD6E003329DF /* act_item1.png */,
			);
			name = ActionItemImages;
			sourceTree = "<group>";
		};
		AAB084B91896D33C003329DF /* Views */ = {
			isa = PBXGroup;
			children = (
				AAD2632018997F220073428F /* S_ImageView.h */,
				AAD2632118997F220073428F /* S_ImageView.m */,
				AAB084BA1896D39B003329DF /* S_ActionItemCell.h */,
				AAB084BB1896D39B003329DF /* S_ActionItemCell.m */,
				27AA7FA6189FD7F100C4DA46 /* S_GalleryItemCell.h */,
				27AA7FA7189FD7F100C4DA46 /* S_GalleryItemCell.m */,
			);
			name = Views;
			sourceTree = "<group>";
		};
		AAB084BD1896D6AA003329DF /* ModelEntities */ = {
			isa = PBXGroup;
			children = (
				AAB084BE1896D6E4003329DF /* S_ActionItem.h */,
				AAB084BF1896D6E4003329DF /* S_ActionItem.m */,
			);
			name = ModelEntities;
			sourceTree = "<group>";
		};
/* End PBXGroup section */

/* Begin PBXNativeTarget section */
		AAA3D45F1893DA280040646C /* Seasons */ = {
			isa = PBXNativeTarget;
			buildConfigurationList = AAA3D48C1893DA280040646C /* Build configuration list for PBXNativeTarget "Seasons" */;
			buildPhases = (
				AAA3D45C1893DA280040646C /* Sources */,
				AAA3D45D1893DA280040646C /* Frameworks */,
				AAA3D45E1893DA280040646C /* Resources */,
			);
			buildRules = (
			);
			dependencies = (
			);
			name = Seasons;
			productName = Seasons;
			productReference = AAA3D4601893DA280040646C /* Seasons.app */;
			productType = "com.apple.product-type.application";
		};
		AAA3D47A1893DA280040646C /* SeasonsTests */ = {
			isa = PBXNativeTarget;
			buildConfigurationList = AAA3D48F1893DA280040646C /* Build configuration list for PBXNativeTarget "SeasonsTests" */;
			buildPhases = (
				AAA3D4771893DA280040646C /* Sources */,
				AAA3D4781893DA280040646C /* Frameworks */,
				AAA3D4791893DA280040646C /* Resources */,
			);
			buildRules = (
			);
			dependencies = (
				AAA3D4811893DA280040646C /* PBXTargetDependency */,
			);
			name = SeasonsTests;
			productName = SeasonsTests;
			productReference = AAA3D47B1893DA280040646C /* SeasonsTests.xctest */;
			productType = "com.apple.product-type.bundle.unit-test";
		};
/* End PBXNativeTarget section */

/* Begin PBXProject section */
		AAA3D4581893DA280040646C /* Project object */ = {
			isa = PBXProject;
			attributes = {
				CLASSPREFIX = S_;
				LastUpgradeCheck = 0500;
				ORGANIZATIONNAME = AUK;
				TargetAttributes = {
					AAA3D47A1893DA280040646C = {
						TestTargetID = AAA3D45F1893DA280040646C;
					};
				};
			};
			buildConfigurationList = AAA3D45B1893DA280040646C /* Build configuration list for PBXProject "Seasons" */;
			compatibilityVersion = "Xcode 3.2";
			developmentRegion = English;
			hasScannedForEncodings = 0;
			knownRegions = (
				en,
			);
			mainGroup = AAA3D4571893DA280040646C;
			productRefGroup = AAA3D4611893DA280040646C /* Products */;
			projectDirPath = "";
			projectRoot = "";
			targets = (
				AAA3D45F1893DA280040646C /* Seasons */,
				AAA3D47A1893DA280040646C /* SeasonsTests */,
			);
		};
/* End PBXProject section */

/* Begin PBXResourcesBuildPhase section */
		AAA3D45E1893DA280040646C /* Resources */ = {
			isa = PBXResourcesBuildPhase;
			buildActionMask = 2147483647;
			files = (
				AAA3D4CB189420410040646C /* theme4.jpg in Resources */,
				AAA3D46E1893DA280040646C /* InfoPlist.strings in Resources */,
				AAA3D4D01894344C0040646C /* S_MainStoryboard.storyboard in Resources */,
				AAA3D4761893DA280040646C /* Images.xcassets in Resources */,
				AAB084B81896BD6E003329DF /* act_item1.png in Resources */,
			);
			runOnlyForDeploymentPostprocessing = 0;
		};
		AAA3D4791893DA280040646C /* Resources */ = {
			isa = PBXResourcesBuildPhase;
			buildActionMask = 2147483647;
			files = (
				AAA3D4871893DA280040646C /* InfoPlist.strings in Resources */,
			);
			runOnlyForDeploymentPostprocessing = 0;
		};
/* End PBXResourcesBuildPhase section */

/* Begin PBXSourcesBuildPhase section */
		AAA3D45C1893DA280040646C /* Sources */ = {
			isa = PBXSourcesBuildPhase;
			buildActionMask = 2147483647;
			files = (
				AAB084C01896D6E4003329DF /* S_ActionItem.m in Sources */,
				AA0C3FCC1895084D00672EAC /* S_LoginViewController.m in Sources */,
				AAA3D4741893DA280040646C /* S_AppDelegate.m in Sources */,
				AAB084BC1896D39B003329DF /* S_ActionItemCell.m in Sources */,
				AAD2632218997F220073428F /* S_ImageView.m in Sources */,
				AA516988189813C900351C60 /* S_CustomSegue.m in Sources */,
				AAA3D4AF189419D60040646C /* S_BaseViewController.m in Sources */,
				AA51698B1898225E00351C60 /* S_DetailsBaseViewController.m in Sources */,
				AAA3D4701893DA280040646C /* main.m in Sources */,
				AA51699018982A8500351C60 /* S_Constants.m in Sources */,
				AAA3D4AC189419930040646C /* S_Helper.m in Sources */,
				AAA3D4BE18941C9F0040646C /* S_DataHelper.m in Sources */,
				27AA7FA8189FD7F100C4DA46 /* S_GalleryItemCell.m in Sources */,
			);
			runOnlyForDeploymentPostprocessing = 0;
		};
		AAA3D4771893DA280040646C /* Sources */ = {
			isa = PBXSourcesBuildPhase;
			buildActionMask = 2147483647;
			files = (
				AAA3D4891893DA280040646C /* SeasonsTests.m in Sources */,
			);
			runOnlyForDeploymentPostprocessing = 0;
		};
/* End PBXSourcesBuildPhase section */

/* Begin PBXTargetDependency section */
		AAA3D4811893DA280040646C /* PBXTargetDependency */ = {
			isa = PBXTargetDependency;
			target = AAA3D45F1893DA280040646C /* Seasons */;
			targetProxy = AAA3D4801893DA280040646C /* PBXContainerItemProxy */;
		};
/* End PBXTargetDependency section */

/* Begin PBXVariantGroup section */
		AAA3D46C1893DA280040646C /* InfoPlist.strings */ = {
			isa = PBXVariantGroup;
			children = (
				AAA3D46D1893DA280040646C /* en */,
			);
			name = InfoPlist.strings;
			sourceTree = "<group>";
		};
		AAA3D4851893DA280040646C /* InfoPlist.strings */ = {
			isa = PBXVariantGroup;
			children = (
				AAA3D4861893DA280040646C /* en */,
			);
			name = InfoPlist.strings;
			sourceTree = "<group>";
		};
/* End PBXVariantGroup section */

/* Begin XCBuildConfiguration section */
		AAA3D48A1893DA280040646C /* Debug */ = {
			isa = XCBuildConfiguration;
			buildSettings = {
				ALWAYS_SEARCH_USER_PATHS = NO;
				ARCHS = "$(ARCHS_STANDARD_INCLUDING_64_BIT)";
				CLANG_CXX_LANGUAGE_STANDARD = "gnu++0x";
				CLANG_CXX_LIBRARY = "libc++";
				CLANG_ENABLE_MODULES = YES;
				CLANG_ENABLE_OBJC_ARC = YES;
				CLANG_WARN_BOOL_CONVERSION = YES;
				CLANG_WARN_CONSTANT_CONVERSION = YES;
				CLANG_WARN_DIRECT_OBJC_ISA_USAGE = YES_ERROR;
				CLANG_WARN_EMPTY_BODY = YES;
				CLANG_WARN_ENUM_CONVERSION = YES;
				CLANG_WARN_INT_CONVERSION = YES;
				CLANG_WARN_OBJC_ROOT_CLASS = YES_ERROR;
				CLANG_WARN__DUPLICATE_METHOD_MATCH = YES;
				"CODE_SIGN_IDENTITY[sdk=iphoneos*]" = "iPhone Developer";
				COPY_PHASE_STRIP = NO;
				GCC_C_LANGUAGE_STANDARD = gnu99;
				GCC_DYNAMIC_NO_PIC = NO;
				GCC_OPTIMIZATION_LEVEL = 0;
				GCC_PREPROCESSOR_DEFINITIONS = (
					"DEBUG=1",
					"$(inherited)",
				);
				GCC_SYMBOLS_PRIVATE_EXTERN = NO;
				GCC_WARN_64_TO_32_BIT_CONVERSION = YES;
				GCC_WARN_ABOUT_RETURN_TYPE = YES_ERROR;
				GCC_WARN_UNDECLARED_SELECTOR = YES;
				GCC_WARN_UNINITIALIZED_AUTOS = YES;
				GCC_WARN_UNUSED_FUNCTION = YES;
				GCC_WARN_UNUSED_VARIABLE = YES;
				IPHONEOS_DEPLOYMENT_TARGET = 6.0;
				ONLY_ACTIVE_ARCH = YES;
				SDKROOT = iphoneos;
				TARGETED_DEVICE_FAMILY = "1,2";
			};
			name = Debug;
		};
		AAA3D48B1893DA280040646C /* Release */ = {
			isa = XCBuildConfiguration;
			buildSettings = {
				ALWAYS_SEARCH_USER_PATHS = NO;
				ARCHS = "$(ARCHS_STANDARD_INCLUDING_64_BIT)";
				CLANG_CXX_LANGUAGE_STANDARD = "gnu++0x";
				CLANG_CXX_LIBRARY = "libc++";
				CLANG_ENABLE_MODULES = YES;
				CLANG_ENABLE_OBJC_ARC = YES;
				CLANG_WARN_BOOL_CONVERSION = YES;
				CLANG_WARN_CONSTANT_CONVERSION = YES;
				CLANG_WARN_DIRECT_OBJC_ISA_USAGE = YES_ERROR;
				CLANG_WARN_EMPTY_BODY = YES;
				CLANG_WARN_ENUM_CONVERSION = YES;
				CLANG_WARN_INT_CONVERSION = YES;
				CLANG_WARN_OBJC_ROOT_CLASS = YES_ERROR;
				CLANG_WARN__DUPLICATE_METHOD_MATCH = YES;
				"CODE_SIGN_IDENTITY[sdk=iphoneos*]" = "iPhone Developer";
				COPY_PHASE_STRIP = YES;
				ENABLE_NS_ASSERTIONS = NO;
				GCC_C_LANGUAGE_STANDARD = gnu99;
				GCC_WARN_64_TO_32_BIT_CONVERSION = YES;
				GCC_WARN_ABOUT_RETURN_TYPE = YES_ERROR;
				GCC_WARN_UNDECLARED_SELECTOR = YES;
				GCC_WARN_UNINITIALIZED_AUTOS = YES;
				GCC_WARN_UNUSED_FUNCTION = YES;
				GCC_WARN_UNUSED_VARIABLE = YES;
				IPHONEOS_DEPLOYMENT_TARGET = 6.0;
				SDKROOT = iphoneos;
				TARGETED_DEVICE_FAMILY = "1,2";
				VALIDATE_PRODUCT = YES;
			};
			name = Release;
		};
		AAA3D48D1893DA280040646C /* Debug */ = {
			isa = XCBuildConfiguration;
			buildSettings = {
				ASSETCATALOG_COMPILER_APPICON_NAME = AppIcon;
				ASSETCATALOG_COMPILER_LAUNCHIMAGE_NAME = LaunchImage;
				CODE_SIGN_IDENTITY = "iPhone Distribution: Cognizant Technology Solutions India Pvt Ltd/";
				GCC_PRECOMPILE_PREFIX_HEADER = YES;
				GCC_PREFIX_HEADER = "Seasons/Seasons-Prefix.pch";
				INFOPLIST_FILE = "Seasons/Seasons-Info.plist";
				IPHONEOS_DEPLOYMENT_TARGET = 6.0;
				PRODUCT_NAME = "$(TARGET_NAME)";
				WRAPPER_EXTENSION = app;
			};
			name = Debug;
		};
		AAA3D48E1893DA280040646C /* Release */ = {
			isa = XCBuildConfiguration;
			buildSettings = {
				ASSETCATALOG_COMPILER_APPICON_NAME = AppIcon;
				ASSETCATALOG_COMPILER_LAUNCHIMAGE_NAME = LaunchImage;
				CODE_SIGN_IDENTITY = "iPhone Distribution: Cognizant Technology Solutions India Pvt Ltd/";
				GCC_PRECOMPILE_PREFIX_HEADER = YES;
				GCC_PREFIX_HEADER = "Seasons/Seasons-Prefix.pch";
				INFOPLIST_FILE = "Seasons/Seasons-Info.plist";
				IPHONEOS_DEPLOYMENT_TARGET = 6.0;
				PRODUCT_NAME = "$(TARGET_NAME)";
				WRAPPER_EXTENSION = app;
			};
			name = Release;
		};
		AAA3D4901893DA280040646C /* Debug */ = {
			isa = XCBuildConfiguration;
			buildSettings = {
				ARCHS = "$(ARCHS_STANDARD_INCLUDING_64_BIT)";
				BUNDLE_LOADER = "$(BUILT_PRODUCTS_DIR)/Seasons.app/Seasons";
				FRAMEWORK_SEARCH_PATHS = (
					"$(SDKROOT)/Developer/Library/Frameworks",
					"$(inherited)",
					"$(DEVELOPER_FRAMEWORKS_DIR)",
				);
				GCC_PRECOMPILE_PREFIX_HEADER = YES;
				GCC_PREFIX_HEADER = "Seasons/Seasons-Prefix.pch";
				GCC_PREPROCESSOR_DEFINITIONS = (
					"DEBUG=1",
					"$(inherited)",
				);
				INFOPLIST_FILE = "SeasonsTests/SeasonsTests-Info.plist";
				PRODUCT_NAME = "$(TARGET_NAME)";
				TEST_HOST = "$(BUNDLE_LOADER)";
				WRAPPER_EXTENSION = xctest;
			};
			name = Debug;
		};
		AAA3D4911893DA280040646C /* Release */ = {
			isa = XCBuildConfiguration;
			buildSettings = {
				ARCHS = "$(ARCHS_STANDARD_INCLUDING_64_BIT)";
				BUNDLE_LOADER = "$(BUILT_PRODUCTS_DIR)/Seasons.app/Seasons";
				FRAMEWORK_SEARCH_PATHS = (
					"$(SDKROOT)/Developer/Library/Frameworks",
					"$(inherited)",
					"$(DEVELOPER_FRAMEWORKS_DIR)",
				);
				GCC_PRECOMPILE_PREFIX_HEADER = YES;
				GCC_PREFIX_HEADER = "Seasons/Seasons-Prefix.pch";
				INFOPLIST_FILE = "SeasonsTests/SeasonsTests-Info.plist";
				PRODUCT_NAME = "$(TARGET_NAME)";
				TEST_HOST = "$(BUNDLE_LOADER)";
				WRAPPER_EXTENSION = xctest;
			};
			name = Release;
		};
/* End XCBuildConfiguration section */

/* Begin XCConfigurationList section */
		AAA3D45B1893DA280040646C /* Build configuration list for PBXProject "Seasons" */ = {
			isa = XCConfigurationList;
			buildConfigurations = (
				AAA3D48A1893DA280040646C /* Debug */,
				AAA3D48B1893DA280040646C /* Release */,
			);
			defaultConfigurationIsVisible = 0;
			defaultConfigurationName = Release;
		};
		AAA3D48C1893DA280040646C /* Build configuration list for PBXNativeTarget "Seasons" */ = {
			isa = XCConfigurationList;
			buildConfigurations = (
				AAA3D48D1893DA280040646C /* Debug */,
				AAA3D48E1893DA280040646C /* Release */,
			);
			defaultConfigurationIsVisible = 0;
			defaultConfigurationName = Release;
		};
		AAA3D48F1893DA280040646C /* Build configuration list for PBXNativeTarget "SeasonsTests" */ = {
			isa = XCConfigurationList;
			buildConfigurations = (
				AAA3D4901893DA280040646C /* Debug */,
				AAA3D4911893DA280040646C /* Release */,
			);
			defaultConfigurationIsVisible = 0;
			defaultConfigurationName = Release;
		};
/* End XCConfigurationList section */
	};
	rootObject = AAA3D4581893DA280040646C /* Project object */;
}
